
Microsoft Visual Studio Solution File, Format Version 12.00
# Visual Studio Version 17
VisualStudioVersion = 17.4.33213.308
MinimumVisualStudioVersion = 10.0.40219.1
Project("{FAE04EC0-301F-11D3-BF4B-00C04F79EFBC}") = "RTU EVENTS MANAGEMENT SYSTEM", "RTU EVENTS MANAGEMENT SYSTEM\RTU EVENTS MANAGEMENT SYSTEM.csproj", "{4144A2A2-EFC0-4077-9EE7-A5B0E4F2CC18}"
EndProject
Global
	GlobalSection(SolutionConfigurationPlatforms) = preSolution
		Debug|Any CPU = Debug|Any CPU
		Release|Any CPU = Release|Any CPU
	EndGlobalSection
	GlobalSection(ProjectConfigurationPlatforms) = postSolution
		{4144A2A2-EFC0-4077-9EE7-A5B0E4F2CC18}.Debug|Any CPU.ActiveCfg = Debug|Any CPU
		{4144A2A2-EFC0-4077-9EE7-A5B0E4F2CC18}.Debug|Any CPU.Build.0 = Debug|Any CPU
		{4144A2A2-EFC0-4077-9EE7-A5B0E4F2CC18}.Release|Any CPU.ActiveCfg = Release|Any CPU
		{4144A2A2-EFC0-4077-9EE7-A5B0E4F2CC18}.Release|Any CPU.Build.0 = Release|Any CPU
	EndGlobalSection
	GlobalSection(SolutionProperties) = preSolution
		HideSolutionNode = FALSE
	EndGlobalSection
	GlobalSection(ExtensibilityGlobals) = postSolution
		SolutionGuid = {314B9964-8B99-4DC4-B80F-55C97662FAB9}
	EndGlobalSection
EndGlobal
